
Microsoft Visual Studio Solution File, Format Version 12.00
# Visual Studio Version 16
VisualStudioVersion = 16.0.30114.105
MinimumVisualStudioVersion = 10.0.40219.1
Project("{FAE04EC0-301F-11D3-BF4B-00C04F79EFBC}") = "Irudd.When.Api", "Irudd.When.Api\Irudd.When.Api.csproj", "{5FA32875-4A5F-4010-AB5A-6F45F582B567}"
EndProject
Project("{FAE04EC0-301F-11D3-BF4B-00C04F79EFBC}") = "Irudd.When.Api.Tests", "Irudd.When.Api.Tests\Irudd.When.Api.Tests.csproj", "{8E1DE154-2822-4969-9046-41EBE6D28296}"
EndProject
Global
	GlobalSection(SolutionConfigurationPlatforms) = preSolution
		Debug|Any CPU = Debug|Any CPU
		Release|Any CPU = Release|Any CPU
	EndGlobalSection
	GlobalSection(SolutionProperties) = preSolution
		HideSolutionNode = FALSE
	EndGlobalSection
	GlobalSection(ProjectConfigurationPlatforms) = postSolution
		{5FA32875-4A5F-4010-AB5A-6F45F582B567}.Debug|Any CPU.ActiveCfg = Debug|Any CPU
		{5FA32875-4A5F-4010-AB5A-6F45F582B567}.Debug|Any CPU.Build.0 = Debug|Any CPU
		{5FA32875-4A5F-4010-AB5A-6F45F582B567}.Release|Any CPU.ActiveCfg = Release|Any CPU
		{5FA32875-4A5F-4010-AB5A-6F45F582B567}.Release|Any CPU.Build.0 = Release|Any CPU
		{8E1DE154-2822-4969-9046-41EBE6D28296}.Debug|Any CPU.ActiveCfg = Debug|Any CPU
		{8E1DE154-2822-4969-9046-41EBE6D28296}.Debug|Any CPU.Build.0 = Debug|Any CPU
		{8E1DE154-2822-4969-9046-41EBE6D28296}.Release|Any CPU.ActiveCfg = Release|Any CPU
		{8E1DE154-2822-4969-9046-41EBE6D28296}.Release|Any CPU.Build.0 = Release|Any CPU
	EndGlobalSection
EndGlobal
